{
  "name": "multi-service-app",
  "version": "file:../mobile app/multi-service-app",
  "lockfileVersion": 3,
  "requires": true,
  "packages": {
    "": {
      "version": "1.0.0",
      "workspaces": [
        "apps/mobile",
        "apps/backend",
        "apps/admin"
      ]
    },
    "../mobile app/mobile app/mobile app/mobile app/multi-service-app/apps/admin": {
      "version": "1.0.0",
      "extraneous": true,
      "dependencies": {
        "lucide-react": "^0.395.0",
        "next": "^14.2.3",
        "react": "19.1.0",
        "react-dom": "19.1.0"
      },
      "devDependencies": {
        "@types/node": "^20.14.2",
        "@types/react": "~19.1.10",
        "@types/react-dom": "~19.1.10",
        "autoprefixer": "^10.4.19",
        "postcss": "^8.4.38",
        "tailwindcss": "^3.4.4",
        "typescript": "^5.4.5"
      }
    },
    "../mobile app/mobile app/mobile app/mobile app/multi-service-app/apps/backend": {
      "version": "1.0.0",
      "extraneous": true,
      "dependencies": {
        "cors": "^2.8.5",
        "dotenv": "^16.4.5",
        "express": "^4.19.2",
        "mongoose": "^8.4.1",
        "socket.io": "^4.7.5"
      },
      "devDependencies": {
        "@types/cors": "^2.8.17",
        "@types/express": "^4.17.21",
        "@types/node": "^20.14.2",
        "nodemon": "^3.1.3",
        "ts-node": "^10.9.2",
        "typescript": "^5.4.5"
      }
    },
    "../mobile app/mobile app/mobile app/mobile app/multi-service-app/apps/mobile": {
      "version": "1.0.0",
      "extraneous": true,
      "dependencies": {
        "@react-native-async-storage/async-storage": "2.2.0",
        "@tanstack/react-query": "^5.45.0",
        "axios": "^1.7.2",
        "expo": "~54.0.37",
        "expo-asset": "~11.0.4",
        "expo-constants": "~18.0.14",
        "expo-font": "~14.0.12",
        "expo-linking": "~8.0.12",
        "expo-location": "~19.0.8",
        "expo-notifications": "~0.32.17",
        "expo-router": "~6.0.24",
        "expo-secure-store": "~15.0.8",
        "expo-status-bar": "~3.0.9",
        "lucide-react-native": "^0.395.0",
        "nativewind": "^4.0.1",
        "react": "19.1.0",
        "react-dom": "19.1.0",
        "react-native": "0.81.5",
        "react-native-gesture-handler": "~2.28.0",
        "react-native-maps": "1.20.1",
        "react-native-reanimated": "~4.1.1",
        "react-native-safe-area-context": "~5.6.0",
        "react-native-screens": "~4.16.0",
        "react-native-svg": "15.12.1",
        "react-native-web": "^0.21.0",
        "react-native-worklets": "0.5.1",
        "socket.io-client": "^4.7.5",
        "zustand": "^4.5.2"
      },
      "devDependencies": {
        "@babel/core": "^7.20.0",
        "@babel/plugin-transform-class-properties": "^7.29.7",
        "@babel/plugin-transform-flow-strip-types": "^7.29.7",
        "@babel/plugin-transform-private-methods": "^7.29.7",
        "@babel/plugin-transform-private-property-in-object": "^7.29.7",
        "@babel/preset-flow": "^8.0.1",
        "@babel/preset-typescript": "^7.29.7",
        "@types/react": "~19.1.10",
        "babel-plugin-module-resolver": "^5.0.3",
        "babel-preset-expo": "~54.0.10",
        "postcss": "^8.4.38",
        "tailwindcss": "^3.4.4",
        "typescript": "~5.9.2"
      }
    },
    "../mobile app/mobile app/mobile app/multi-service-app/apps/admin": {
      "version": "1.0.0",
      "extraneous": true,
      "dependencies": {
        "axios": "^1.7.2",
        "firebase": "^12.19.0",
        "lucide-react": "^0.395.0",
        "next": "^14.2.35",
        "react": "19.1.0",
        "react-dom": "19.1.0"
      },
      "devDependencies": {
        "@types/node": "^20.14.2",
        "@types/react": "~19.1.10",
        "@types/react-dom": "~19.1.10",
        "autoprefixer": "^10.4.19",
        "postcss": "^8.4.38",
        "tailwindcss": "^3.4.4",
        "typescript": "^5.4.5"
      }
    },
    "../mobile app/mobile app/mobile app/multi-service-app/apps/backend": {
      "version": "1.0.0",
      "extraneous": true,
      "dependencies": {
        "cors": "^2.8.5",
        "dotenv": "^16.4.5",
        "express": "^4.19.2",
        "mongoose": "^8.4.1",
        "socket.io": "^4.7.5"
      },
      "devDependencies": {
        "@types/cors": "^2.8.17",
        "@types/express": "^4.17.21",
        "@types/node": "^20.14.2",
        "nodemon": "^3.1.3",
        "ts-node": "^10.9.2",
        "typescript": "^5.4.5"
      }
    },
    "../mobile app/mobile app/mobile app/multi-service-app/apps/mobile": {
      "version": "1.0.0",
      "extraneous": true,
      "hasInstallScript": true,
      "dependencies": {
        "@react-native-async-storage/async-storage": "2.2.0",
        "@tanstack/react-query": "^5.45.0",
        "axios": "^1.7.2",
        "expo": "~54.0.37",
        "expo-asset": "~11.0.4",
        "expo-constants": "~18.0.14",
        "expo-font": "~14.0.12",
        "expo-linking": "~8.0.12",
        "expo-location": "~19.0.8",
        "expo-notifications": "~0.32.17",
        "expo-router": "~6.0.24",
        "expo-secure-store": "~15.0.8",
        "expo-status-bar": "~3.0.9",
        "firebase": "^12.19.0",
        "lucide-react-native": "^0.395.0",
        "nativewind": "^4.0.1",
        "react": "19.1.0",
        "react-dom": "19.1.0",
        "react-native": "0.81.5",
        "react-native-gesture-handler": "~2.28.0",
        "react-native-maps": "1.20.1",
        "react-native-reanimated": "~4.1.1",
        "react-native-safe-area-context": "~5.6.0",
        "react-native-screens": "~4.16.0",
        "react-native-svg": "15.12.1",
        "react-native-web": "^0.21.0",
        "react-native-webview": "^14.0.1",
        "react-native-worklets": "0.5.1",
        "socket.io-client": "^4.7.5",
        "zustand": "^4.5.2"
      },
      "devDependencies": {
        "@babel/core": "^7.20.0",
        "@babel/plugin-transform-class-properties": "^7.29.7",
        "@babel/plugin-transform-flow-strip-types": "^7.29.7",
        "@babel/plugin-transform-private-methods": "^7.29.7",
        "@babel/plugin-transform-private-property-in-object": "^7.29.7",
        "@babel/preset-flow": "^8.0.1",
        "@babel/preset-typescript": "^7.29.7",
        "@types/react": "~19.1.10",
        "babel-plugin-module-resolver": "^5.0.3",
        "babel-preset-expo": "~54.0.10",
        "postcss": "^8.4.38",
        "tailwindcss": "^3.4.4",
        "typescript": "~5.9.2"
      }
    },
    "../mobile app/mobile app/multi-service-app/apps/admin": {
      "version": "1.0.0",
      "extraneous": true,
      "dependencies": {
        "axios": "^1.7.2",
        "firebase": "^12.19.0",
        "lucide-react": "^0.395.0",
        "next": "^14.2.35",
        "react": "19.1.0",
        "react-dom": "19.1.0"
      },
      "devDependencies": {
        "@types/node": "^20.14.2",
        "@types/react": "~19.1.10",
        "@types/react-dom": "~19.1.10",
        "autoprefixer": "^10.4.19",
        "postcss": "^8.4.38",
        "tailwindcss": "^3.4.4",
        "typescript": "^5.4.5"
      }
    },
    "../mobile app/mobile app/multi-service-app/apps/backend": {
      "version": "1.0.0",
      "extraneous": true,
      "dependencies": {
        "cors": "^2.8.5",
        "dotenv": "^16.4.5",
        "express": "^4.19.2",
        "mongoose": "^8.4.1",
        "socket.io": "^4.7.5"
      },
      "devDependencies": {
        "@types/cors": "^2.8.17",
        "@types/express": "^4.17.21",
        "@types/node": "^20.14.2",
        "nodemon": "^3.1.3",
        "ts-node": "^10.9.2",
        "typescript": "^5.4.5"
      }
    },
    "../mobile app/mobile app/multi-service-app/apps/mobile": {
      "version": "1.0.0",
      "extraneous": true,
      "hasInstallScript": true,
      "dependencies": {
        "@react-native-async-storage/async-storage": "2.2.0",
        "@tanstack/react-query": "^5.45.0",
        "axios": "^1.7.2",
        "expo": "~54.0.37",
        "expo-asset": "~11.0.4",
        "expo-constants": "~18.0.14",
        "expo-font": "~14.0.12",
        "expo-linking": "~8.0.12",
        "expo-location": "~19.0.8",
        "expo-notifications": "~0.32.17",
        "expo-router": "~6.0.24",
        "expo-secure-store": "~15.0.8",
        "expo-status-bar": "~3.0.9",
        "firebase": "^12.19.0",
        "lucide-react-native": "^0.395.0",
        "nativewind": "^4.0.1",
        "react": "19.1.0",
        "react-dom": "19.1.0",
        "react-native": "0.81.5",
        "react-native-gesture-handler": "~2.28.0",
        "react-native-maps": "1.20.1",
        "react-native-reanimated": "~4.1.1",
        "react-native-safe-area-context": "~5.6.0",
        "react-native-screens": "~4.16.0",
        "react-native-svg": "15.12.1",
        "react-native-web": "^0.21.0",
        "react-native-webview": "^14.0.1",
        "react-native-worklets": "0.5.1",
        "socket.io-client": "^4.7.5",
        "zustand": "^4.5.2"
      },
      "devDependencies": {
        "@babel/core": "^7.20.0",
        "@babel/plugin-transform-class-properties": "^7.29.7",
        "@babel/plugin-transform-flow-strip-types": "^7.29.7",
        "@babel/plugin-transform-private-methods": "^7.29.7",
        "@babel/plugin-transform-private-property-in-object": "^7.29.7",
        "@babel/preset-flow": "^8.0.1",
        "@babel/preset-typescript": "^7.29.7",
        "@types/react": "~19.1.10",
        "babel-plugin-module-resolver": "^5.0.3",
        "babel-preset-expo": "~54.0.10",
        "postcss": "^8.4.38",
        "tailwindcss": "^3.4.4",
        "typescript": "~5.9.2"
      }
    },
    "../mobile app/multi-service-app/apps/admin": {
      "version": "1.0.0",
      "extraneous": true,
      "dependencies": {
        "axios": "^1.7.2",
        "firebase": "^12.19.0",
        "lucide-react": "^0.395.0",
        "next": "^14.2.35",
        "react": "19.1.0",
        "react-dom": "19.1.0"
      },
      "devDependencies": {
        "@types/node": "^20.14.2",
        "@types/react": "~19.1.10",
        "@types/react-dom": "~19.1.10",
        "autoprefixer": "^10.4.19",
        "postcss": "^8.4.38",
        "tailwindcss": "^3.4.4",
        "typescript": "^5.4.5"
      }
    },
    "../mobile app/multi-service-app/apps/backend": {
      "version": "1.0.0",
      "extraneous": true,
      "dependencies": {
        "cors": "^2.8.5",
        "dotenv": "^16.4.5",
        "express": "^4.19.2",
        "mongoose": "^8.4.1",
        "socket.io": "^4.7.5"
      },
      "devDependencies": {
        "@types/cors": "^2.8.17",
        "@types/express": "^4.17.21",
        "@types/node": "^20.14.2",
        "nodemon": "^3.1.3",
        "ts-node": "^10.9.2",
        "typescript": "^5.4.5"
      }
    },
    "../mobile app/multi-service-app/apps/mobile": {
      "version": "1.0.0",
      "extraneous": true,
      "hasInstallScript": true,
      "dependencies": {
        "@react-native-async-storage/async-storage": "2.2.0",
        "@tanstack/react-query": "^5.45.0",
        "axios": "^1.7.2",
        "expo": "~54.0.37",
        "expo-asset": "~11.0.4",
        "expo-constants": "~18.0.14",
        "expo-font": "~14.0.12",
        "expo-linking": "~8.0.12",
        "expo-location": "~19.0.8",
        "expo-notifications": "~0.32.17",
        "expo-router": "~6.0.24",
        "expo-secure-store": "~15.0.8",
        "expo-status-bar": "~3.0.9",
        "firebase": "^12.19.0",
        "lucide-react-native": "^0.395.0",
        "nativewind": "^4.0.1",
        "react": "19.1.0",
        "react-dom": "19.1.0",
        "react-native": "0.81.5",
        "react-native-gesture-handler": "~2.28.0",
        "react-native-maps": "1.20.1",
        "react-native-reanimated": "~4.1.1",
        "react-native-safe-area-context": "~5.6.0",
        "react-native-screens": "~4.16.0",
        "react-native-svg": "15.12.1",
        "react-native-web": "^0.21.0",
        "react-native-webview": "^14.0.1",
        "react-native-worklets": "0.5.1",
        "socket.io-client": "^4.7.5",
        "zustand": "^4.5.2"
      },
      "devDependencies": {
        "@babel/core": "^7.20.0",
        "@babel/plugin-transform-class-properties": "^7.29.7",
        "@babel/plugin-transform-flow-strip-types": "^7.29.7",
        "@babel/plugin-transform-private-methods": "^7.29.7",
        "@babel/plugin-transform-private-property-in-object": "^7.29.7",
        "@babel/preset-flow": "^8.0.1",
        "@babel/preset-typescript": "^7.29.7",
        "@types/react": "~19.1.10",
        "babel-plugin-module-resolver": "^5.0.3",
        "babel-preset-expo": "~54.0.10",
        "postcss": "^8.4.38",
        "tailwindcss": "^3.4.4",
        "typescript": "~5.9.2"
      }
    },
    "apps/admin": {
      "version": "1.0.0",
      "extraneous": true,
      "dependencies": {
        "axios": "^1.7.2",
        "firebase": "^12.19.0",
        "lucide-react": "^0.395.0",
        "next": "^14.2.35",
        "react": "19.1.0",
        "react-dom": "19.1.0"
      },
      "devDependencies": {
        "@types/node": "^20.14.2",
        "@types/react": "~19.1.10",
        "@types/react-dom": "~19.1.10",
        "autoprefixer": "^10.4.19",
        "postcss": "^8.4.38",
        "tailwindcss": "^3.4.4",
        "typescript": "^5.4.5"
      }
    },
    "apps/backend": {
      "version": "1.0.0",
      "extraneous": true,
      "dependencies": {
        "cors": "^2.8.5",
        "dotenv": "^16.4.5",
        "express": "^4.19.2",
        "mongoose": "^8.4.1",
        "socket.io": "^4.7.5"
      },
      "devDependencies": {
        "@types/cors": "^2.8.17",
        "@types/express": "^4.17.21",
        "@types/node": "^20.14.2",
        "nodemon": "^3.1.3",
        "ts-node": "^10.9.2",
        "typescript": "^5.4.5"
      }
    },
    "apps/mobile": {
      "version": "1.0.0",
      "extraneous": true,
      "dependencies": {
        "@react-native-async-storage/async-storage": "2.2.0",
        "@tanstack/react-query": "^5.45.0",
        "axios": "^1.7.2",
        "expo": "~54.0.37",
        "expo-asset": "~11.0.4",
        "expo-constants": "~18.0.14",
        "expo-font": "~14.0.12",
        "expo-linking": "~8.0.12",
        "expo-location": "~19.0.8",
        "expo-notifications": "~0.32.17",
        "expo-router": "~6.0.24",
        "expo-secure-store": "~15.0.8",
        "expo-status-bar": "~3.0.9",
        "firebase": "^12.19.0",
        "lucide-react-native": "^0.395.0",
        "nativewind": "^4.0.1",
        "react": "19.1.0",
        "react-dom": "19.1.0",
        "react-native": "0.81.5",
        "react-native-gesture-handler": "~2.28.0",
        "react-native-maps": "1.20.1",
        "react-native-reanimated": "~4.1.1",
        "react-native-safe-area-context": "~5.6.0",
        "react-native-screens": "~4.16.0",
        "react-native-svg": "15.12.1",
        "react-native-web": "^0.21.0",
        "react-native-webview": "^14.0.1",
        "react-native-worklets": "0.5.1",
        "socket.io-client": "^4.7.5",
        "zustand": "^4.5.2"
      },
      "devDependencies": {
        "@babel/core": "^7.20.0",
        "@babel/plugin-transform-class-properties": "^7.29.7",
        "@babel/plugin-transform-flow-strip-types": "^7.29.7",
        "@babel/plugin-transform-private-methods": "^7.29.7",
        "@babel/plugin-transform-private-property-in-object": "^7.29.7",
        "@babel/preset-flow": "^8.0.1",
        "@babel/preset-typescript": "^7.29.7",
        "@types/react": "~19.1.10",
        "babel-plugin-module-resolver": "^5.0.3",
        "babel-preset-expo": "~54.0.10",
        "postcss": "^8.4.38",
        "tailwindcss": "^3.4.4",
        "typescript": "~5.9.2"
      }
    },
    "node_modules/admin": {
      "resolved": "../mobile app/mobile app/mobile app/multi-service-app/apps/admin",
      "link": true
    },
    "node_modules/backend": {
      "resolved": "../mobile app/mobile app/mobile app/multi-service-app/apps/backend",
      "link": true
    },
    "node_modules/mobile": {
      "resolved": "../mobile app/mobile app/mobile app/multi-service-app/apps/mobile",
      "link": true
    }
  }
}
